
Microsoft Visual Studio Solution File, Format Version 12.00
# Visual Studio Version 16
VisualStudioVersion = 16.0.28803.352
MinimumVisualStudioVersion = 10.0.40219.1
Project("{FAE04EC0-301F-11D3-BF4B-00C04F79EFBC}") = "ParkyAPI", "ParkyAPI\ParkyAPI.csproj", "{A22ED3A2-67C9-4F0B-B5A4-E71E41D3F95B}"
EndProject
Global
	GlobalSection(SolutionConfigurationPlatforms) = preSolution
		Debug|Any CPU = Debug|Any CPU
		Release|Any CPU = Release|Any CPU
	EndGlobalSection
	GlobalSection(ProjectConfigurationPlatforms) = postSolution
		{A22ED3A2-67C9-4F0B-B5A4-E71E41D3F95B}.Debug|Any CPU.ActiveCfg = Debug|Any CPU
		{A22ED3A2-67C9-4F0B-B5A4-E71E41D3F95B}.Debug|Any CPU.Build.0 = Debug|Any CPU
		{A22ED3A2-67C9-4F0B-B5A4-E71E41D3F95B}.Release|Any CPU.ActiveCfg = Release|Any CPU
		{A22ED3A2-67C9-4F0B-B5A4-E71E41D3F95B}.Release|Any CPU.Build.0 = Release|Any CPU
	EndGlobalSection
	GlobalSection(SolutionProperties) = preSolution
		HideSolutionNode = FALSE
	EndGlobalSection
	GlobalSection(ExtensibilityGlobals) = postSolution
		SolutionGuid = {A160C3CC-B203-4CF6-8D15-8309B08CE2AE}
	EndGlobalSection
EndGlobal
